// !$*UTF8*$!
{
	archiveVersion = 1;
	classes = {
	};
	objectVersion = 46;
	objects = {

/* Begin PBXBuildFile section */
		A36D7B491BEBA8AD008A8EE8 /* AppDelegate.swift in Sources */ = {isa = PBXBuildFile; fileRef = A36D7B481BEBA8AD008A8EE8 /* AppDelegate.swift */; };
		A36D7B4E1BEBA8AD008A8EE8 /* Main.storyboard in Resources */ = {isa = PBXBuildFile; fileRef = A36D7B4C1BEBA8AD008A8EE8 /* Main.storyboard */; };
		A36D7B501BEBA8AD008A8EE8 /* Assets.xcassets in Resources */ = {isa = PBXBuildFile; fileRef = A36D7B4F1BEBA8AD008A8EE8 /* Assets.xcassets */; };
		A36D7B531BEBA8AD008A8EE8 /* LaunchScreen.storyboard in Resources */ = {isa = PBXBuildFile; fileRef = A36D7B511BEBA8AD008A8EE8 /* LaunchScreen.storyboard */; };
		A36D7B5E1BEBA8AD008A8EE8 /* designingInterfacesTests.swift in Sources */ = {isa = PBXBuildFile; fileRef = A36D7B5D1BEBA8AD008A8EE8 /* designingInterfacesTests.swift */; };
		A36D7B691BEBA8AD008A8EE8 /* designingInterfacesUITests.swift in Sources */ = {isa = PBXBuildFile; fileRef = A36D7B681BEBA8AD008A8EE8 /* designingInterfacesUITests.swift */; };
		A36D7B791BEBB0B3008A8EE8 /* rootPresentationViewController.swift in Sources */ = {isa = PBXBuildFile; fileRef = A36D7B781BEBB0B3008A8EE8 /* rootPresentationViewController.swift */; };
		A36D7B7B1BEBBBEC008A8EE8 /* centreViewController.swift in Sources */ = {isa = PBXBuildFile; fileRef = A36D7B7A1BEBBBEC008A8EE8 /* centreViewController.swift */; };
		A36D7B7D1BEBBBF5008A8EE8 /* leftViewController.swift in Sources */ = {isa = PBXBuildFile; fileRef = A36D7B7C1BEBBBF5008A8EE8 /* leftViewController.swift */; };
		A36D7B7F1BEBBBFF008A8EE8 /* rightViewController.swift in Sources */ = {isa = PBXBuildFile; fileRef = A36D7B7E1BEBBBFF008A8EE8 /* rightViewController.swift */; };
/* End PBXBuildFile section */

/* Begin PBXContainerItemProxy section */
		A36D7B5A1BEBA8AD008A8EE8 /* PBXContainerItemProxy */ = {
			isa = PBXContainerItemProxy;
			containerPortal = A36D7B3D1BEBA8AD008A8EE8 /* Project object */;
			proxyType = 1;
			remoteGlobalIDString = A36D7B441BEBA8AD008A8EE8;
			remoteInfo = designingInterfaces;
		};
		A36D7B651BEBA8AD008A8EE8 /* PBXContainerItemProxy */ = {
			isa = PBXContainerItemProxy;
			containerPortal = A36D7B3D1BEBA8AD008A8EE8 /* Project object */;
			proxyType = 1;
			remoteGlobalIDString = A36D7B441BEBA8AD008A8EE8;
			remoteInfo = designingInterfaces;
		};
/* End PBXContainerItemProxy section */

/* Begin PBXFileReference section */
		A36D7B451BEBA8AD008A8EE8 /* designingInterfaces.app */ = {isa = PBXFileReference; explicitFileType = wrapper.application; includeInIndex = 0; path = designingInterfaces.app; sourceTree = BUILT_PRODUCTS_DIR; };
		A36D7B481BEBA8AD008A8EE8 /* AppDelegate.swift */ = {isa = PBXFileReference; lastKnownFileType = sourcecode.swift; path = AppDelegate.swift; sourceTree = "<group>"; };
		A36D7B4D1BEBA8AD008A8EE8 /* Base */ = {isa = PBXFileReference; lastKnownFileType = file.storyboard; name = Base; path = Base.lproj/Main.storyboard; sourceTree = "<group>"; };
		A36D7B4F1BEBA8AD008A8EE8 /* Assets.xcassets */ = {isa = PBXFileReference; lastKnownFileType = folder.assetcatalog; path = Assets.xcassets; sourceTree = "<group>"; };
		A36D7B521BEBA8AD008A8EE8 /* Base */ = {isa = PBXFileReference; lastKnownFileType = file.storyboard; name = Base; path = Base.lproj/LaunchScreen.storyboard; sourceTree = "<group>"; };
		A36D7B541BEBA8AD008A8EE8 /* Info.plist */ = {isa = PBXFileReference; lastKnownFileType = text.plist.xml; path = Info.plist; sourceTree = "<group>"; };
		A36D7B591BEBA8AD008A8EE8 /* designingInterfacesTests.xctest */ = {isa = PBXFileReference; explicitFileType = wrapper.cfbundle; includeInIndex = 0; path = designingInterfacesTests.xctest; sourceTree = BUILT_PRODUCTS_DIR; };
		A36D7B5D1BEBA8AD008A8EE8 /* designingInterfacesTests.swift */ = {isa = PBXFileReference; lastKnownFileType = sourcecode.swift; path = designingInterfacesTests.swift; sourceTree = "<group>"; };
		A36D7B5F1BEBA8AD008A8EE8 /* Info.plist */ = {isa = PBXFileReference; lastKnownFileType = text.plist.xml; path = Info.plist; sourceTree = "<group>"; };
		A36D7B641BEBA8AD008A8EE8 /* designingInterfacesUITests.xctest */ = {isa = PBXFileReference; explicitFileType = wrapper.cfbundle; includeInIndex = 0; path = designingInterfacesUITests.xctest; sourceTree = BUILT_PRODUCTS_DIR; };
		A36D7B681BEBA8AD008A8EE8 /* designingInterfacesUITests.swift */ = {isa = PBXFileReference; lastKnownFileType = sourcecode.swift; path = designingInterfacesUITests.swift; sourceTree = "<group>"; };
		A36D7B6A1BEBA8AD008A8EE8 /* Info.plist */ = {isa = PBXFileReference; lastKnownFileType = text.plist.xml; path = Info.plist; sourceTree = "<group>"; };
		A36D7B781BEBB0B3008A8EE8 /* rootPresentationViewController.swift */ = {isa = PBXFileReference; fileEncoding = 4; lastKnownFileType = sourcecode.swift; name = rootPresentationViewController.swift; path = ../rootPresentationViewController.swift; sourceTree = "<group>"; };
		A36D7B7A1BEBBBEC008A8EE8 /* centreViewController.swift */ = {isa = PBXFileReference; fileEncoding = 4; lastKnownFileType = sourcecode.swift; path = centreViewController.swift; sourceTree = "<group>"; };
		A36D7B7C1BEBBBF5008A8EE8 /* leftViewController.swift */ = {isa = PBXFileReference; fileEncoding = 4; lastKnownFileType = sourcecode.swift; path = leftViewController.swift; sourceTree = "<group>"; };
		A36D7B7E1BEBBBFF008A8EE8 /* rightViewController.swift */ = {isa = PBXFileReference; fileEncoding = 4; lastKnownFileType = sourcecode.swift; path = rightViewController.swift; sourceTree = "<group>"; };
/* End PBXFileReference section */

/* Begin PBXFrameworksBuildPhase section */
		A36D7B421BEBA8AD008A8EE8 /* Frameworks */ = {
			isa = PBXFrameworksBuildPhase;
			buildActionMask = 2147483647;
			files = (
			);
			runOnlyForDeploymentPostprocessing = 0;
		};
		A36D7B561BEBA8AD008A8EE8 /* Frameworks */ = {
			isa = PBXFrameworksBuildPhase;
			buildActionMask = 2147483647;
			files = (
			);
			runOnlyForDeploymentPostprocessing = 0;
		};
		A36D7B611BEBA8AD008A8EE8 /* Frameworks */ = {
			isa = PBXFrameworksBuildPhase;
			buildActionMask = 2147483647;
			files = (
			);
			runOnlyForDeploymentPostprocessing = 0;
		};
/* End PBXFrameworksBuildPhase section */

/* Begin PBXGroup section */
		A36D7B3C1BEBA8AD008A8EE8 = {
			isa = PBXGroup;
			children = (
				A36D7B471BEBA8AD008A8EE8 /* designingInterfaces */,
				A36D7B5C1BEBA8AD008A8EE8 /* designingInterfacesTests */,
				A36D7B671BEBA8AD008A8EE8 /* designingInterfacesUITests */,
				A36D7B461BEBA8AD008A8EE8 /* Products */,
			);
			sourceTree = "<group>";
		};
		A36D7B461BEBA8AD008A8EE8 /* Products */ = {
			isa = PBXGroup;
			children = (
				A36D7B451BEBA8AD008A8EE8 /* designingInterfaces.app */,
				A36D7B591BEBA8AD008A8EE8 /* designingInterfacesTests.xctest */,
				A36D7B641BEBA8AD008A8EE8 /* designingInterfacesUITests.xctest */,
			);
			name = Products;
			sourceTree = "<group>";
		};
		A36D7B471BEBA8AD008A8EE8 /* designingInterfaces */ = {
			isa = PBXGroup;
			children = (
				A36D7B781BEBB0B3008A8EE8 /* rootPresentationViewController.swift */,
				A36D7B7A1BEBBBEC008A8EE8 /* centreViewController.swift */,
				A36D7B7C1BEBBBF5008A8EE8 /* leftViewController.swift */,
				A36D7B7E1BEBBBFF008A8EE8 /* rightViewController.swift */,
				A36D7B481BEBA8AD008A8EE8 /* AppDelegate.swift */,
				A36D7B4C1BEBA8AD008A8EE8 /* Main.storyboard */,
				A36D7B4F1BEBA8AD008A8EE8 /* Assets.xcassets */,
				A36D7B511BEBA8AD008A8EE8 /* LaunchScreen.storyboard */,
				A36D7B541BEBA8AD008A8EE8 /* Info.plist */,
			);
			path = designingInterfaces;
			sourceTree = "<group>";
		};
		A36D7B5C1BEBA8AD008A8EE8 /* designingInterfacesTests */ = {
			isa = PBXGroup;
			children = (
				A36D7B5D1BEBA8AD008A8EE8 /* designingInterfacesTests.swift */,
				A36D7B5F1BEBA8AD008A8EE8 /* Info.plist */,
			);
			path = designingInterfacesTests;
			sourceTree = "<group>";
		};
		A36D7B671BEBA8AD008A8EE8 /* designingInterfacesUITests */ = {
			isa = PBXGroup;
			children = (
				A36D7B681BEBA8AD008A8EE8 /* designingInterfacesUITests.swift */,
				A36D7B6A1BEBA8AD008A8EE8 /* Info.plist */,
			);
			path = designingInterfacesUITests;
			sourceTree = "<group>";
		};
/* End PBXGroup section */

/* Begin PBXNativeTarget section */
		A36D7B441BEBA8AD008A8EE8 /* designingInterfaces */ = {
			isa = PBXNativeTarget;
			buildConfigurationList = A36D7B6D1BEBA8AD008A8EE8 /* Build configuration list for PBXNativeTarget "designingInterfaces" */;
			buildPhases = (
				A36D7B411BEBA8AD008A8EE8 /* Sources */,
				A36D7B421BEBA8AD008A8EE8 /* Frameworks */,
				A36D7B431BEBA8AD008A8EE8 /* Resources */,
			);
			buildRules = (
			);
			dependencies = (
			);
			name = designingInterfaces;
			productName = designingInterfaces;
			productReference = A36D7B451BEBA8AD008A8EE8 /* designingInterfaces.app */;
			productType = "com.apple.product-type.application";
		};
		A36D7B581BEBA8AD008A8EE8 /* designingInterfacesTests */ = {
			isa = PBXNativeTarget;
			buildConfigurationList = A36D7B701BEBA8AD008A8EE8 /* Build configuration list for PBXNativeTarget "designingInterfacesTests" */;
			buildPhases = (
				A36D7B551BEBA8AD008A8EE8 /* Sources */,
				A36D7B561BEBA8AD008A8EE8 /* Frameworks */,
				A36D7B571BEBA8AD008A8EE8 /* Resources */,
			);
			buildRules = (
			);
			dependencies = (
				A36D7B5B1BEBA8AD008A8EE8 /* PBXTargetDependency */,
			);
			name = designingInterfacesTests;
			productName = designingInterfacesTests;
			productReference = A36D7B591BEBA8AD008A8EE8 /* designingInterfacesTests.xctest */;
			productType = "com.apple.product-type.bundle.unit-test";
		};
		A36D7B631BEBA8AD008A8EE8 /* designingInterfacesUITests */ = {
			isa = PBXNativeTarget;
			buildConfigurationList = A36D7B731BEBA8AD008A8EE8 /* Build configuration list for PBXNativeTarget "designingInterfacesUITests" */;
			buildPhases = (
				A36D7B601BEBA8AD008A8EE8 /* Sources */,
				A36D7B611BEBA8AD008A8EE8 /* Frameworks */,
				A36D7B621BEBA8AD008A8EE8 /* Resources */,
			);
			buildRules = (
			);
			dependencies = (
				A36D7B661BEBA8AD008A8EE8 /* PBXTargetDependency */,
			);
			name = designingInterfacesUITests;
			productName = designingInterfacesUITests;
			productReference = A36D7B641BEBA8AD008A8EE8 /* designingInterfacesUITests.xctest */;
			productType = "com.apple.product-type.bundle.ui-testing";
		};
/* End PBXNativeTarget section */

/* Begin PBXProject section */
		A36D7B3D1BEBA8AD008A8EE8 /* Project object */ = {
			isa = PBXProject;
			attributes = {
				LastSwiftUpdateCheck = 0710;
				LastUpgradeCheck = 0710;
				ORGANIZATIONNAME = "Cina Mehrvar";
				TargetAttributes = {
					A36D7B441BEBA8AD008A8EE8 = {
						CreatedOnToolsVersion = 7.1;
					};
					A36D7B581BEBA8AD008A8EE8 = {
						CreatedOnToolsVersion = 7.1;
						TestTargetID = A36D7B441BEBA8AD008A8EE8;
					};
					A36D7B631BEBA8AD008A8EE8 = {
						CreatedOnToolsVersion = 7.1;
						TestTargetID = A36D7B441BEBA8AD008A8EE8;
					};
				};
			};
			buildConfigurationList = A36D7B401BEBA8AD008A8EE8 /* Build configuration list for PBXProject "designingInterfaces" */;
			compatibilityVersion = "Xcode 3.2";
			developmentRegion = English;
			hasScannedForEncodings = 0;
			knownRegions = (
				en,
				Base,
			);
			mainGroup = A36D7B3C1BEBA8AD008A8EE8;
			productRefGroup = A36D7B461BEBA8AD008A8EE8 /* Products */;
			projectDirPath = "";
			projectRoot = "";
			targets = (
				A36D7B441BEBA8AD008A8EE8 /* designingInterfaces */,
				A36D7B581BEBA8AD008A8EE8 /* designingInterfacesTests */,
				A36D7B631BEBA8AD008A8EE8 /* designingInterfacesUITests */,
			);
		};
/* End PBXProject section */

/* Begin PBXResourcesBuildPhase section */
		A36D7B431BEBA8AD008A8EE8 /* Resources */ = {
			isa = PBXResourcesBuildPhase;
			buildActionMask = 2147483647;
			files = (
				A36D7B531BEBA8AD008A8EE8 /* LaunchScreen.storyboard in Resources */,
				A36D7B501BEBA8AD008A8EE8 /* Assets.xcassets in Resources */,
				A36D7B4E1BEBA8AD008A8EE8 /* Main.storyboard in Resources */,
			);
			runOnlyForDeploymentPostprocessing = 0;
		};
		A36D7B571BEBA8AD008A8EE8 /* Resources */ = {
			isa = PBXResourcesBuildPhase;
			buildActionMask = 2147483647;
			files = (
			);
			runOnlyForDeploymentPostprocessing = 0;
		};
		A36D7B621BEBA8AD008A8EE8 /* Resources */ = {
			isa = PBXResourcesBuildPhase;
			buildActionMask = 2147483647;
			files = (
			);
			runOnlyForDeploymentPostprocessing = 0;
		};
/* End PBXResourcesBuildPhase section */

/* Begin PBXSourcesBuildPhase section */
		A36D7B411BEBA8AD008A8EE8 /* Sources */ = {
			isa = PBXSourcesBuildPhase;
			buildActionMask = 2147483647;
			files = (
				A36D7B791BEBB0B3008A8EE8 /* rootPresentationViewController.swift in Sources */,
				A36D7B7D1BEBBBF5008A8EE8 /* leftViewController.swift in Sources */,
				A36D7B7B1BEBBBEC008A8EE8 /* centreViewController.swift in Sources */,
				A36D7B7F1BEBBBFF008A8EE8 /* rightViewController.swift in Sources */,
				A36D7B491BEBA8AD008A8EE8 /* AppDelegate.swift in Sources */,
			);
			runOnlyForDeploymentPostprocessing = 0;
		};
		A36D7B551BEBA8AD008A8EE8 /* Sources */ = {
			isa = PBXSourcesBuildPhase;
			buildActionMask = 2147483647;
			files = (
				A36D7B5E1BEBA8AD008A8EE8 /* designingInterfacesTests.swift in Sources */,
			);
			runOnlyForDeploymentPostprocessing = 0;
		};
		A36D7B601BEBA8AD008A8EE8 /* Sources */ = {
			isa = PBXSourcesBuildPhase;
			buildActionMask = 2147483647;
			files = (
				A36D7B691BEBA8AD008A8EE8 /* designingInterfacesUITests.swift in Sources */,
			);
			runOnlyForDeploymentPostprocessing = 0;
		};
/* End PBXSourcesBuildPhase section */

/* Begin PBXTargetDependency section */
		A36D7B5B1BEBA8AD008A8EE8 /* PBXTargetDependency */ = {
			isa = PBXTargetDependency;
			target = A36D7B441BEBA8AD008A8EE8 /* designingInterfaces */;
			targetProxy = A36D7B5A1BEBA8AD008A8EE8 /* PBXContainerItemProxy */;
		};
		A36D7B661BEBA8AD008A8EE8 /* PBXTargetDependency */ = {
			isa = PBXTargetDependency;
			target = A36D7B441BEBA8AD008A8EE8 /* designingInterfaces */;
			targetProxy = A36D7B651BEBA8AD008A8EE8 /* PBXContainerItemProxy */;
		};
/* End PBXTargetDependency section */

/* Begin PBXVariantGroup section */
		A36D7B4C1BEBA8AD008A8EE8 /* Main.storyboard */ = {
			isa = PBXVariantGroup;
			children = (
				A36D7B4D1BEBA8AD008A8EE8 /* Base */,
			);
			name = Main.storyboard;
			sourceTree = "<group>";
		};
		A36D7B511BEBA8AD008A8EE8 /* LaunchScreen.storyboard */ = {
			isa = PBXVariantGroup;
			children = (
				A36D7B521BEBA8AD008A8EE8 /* Base */,
			);
			name = LaunchScreen.storyboard;
			sourceTree = "<group>";
		};
/* End PBXVariantGroup section */

/* Begin XCBuildConfiguration section */
		A36D7B6B1BEBA8AD008A8EE8 /* Debug */ = {
			isa = XCBuildConfiguration;
			buildSettings = {
				ALWAYS_SEARCH_USER_PATHS = NO;
				CLANG_CXX_LANGUAGE_STANDARD = "gnu++0x";
				CLANG_CXX_LIBRARY = "libc++";
				CLANG_ENABLE_MODULES = YES;
				CLANG_ENABLE_OBJC_ARC = YES;
				CLANG_WARN_BOOL_CONVERSION = YES;
				CLANG_WARN_CONSTANT_CONVERSION = YES;
				CLANG_WARN_DIRECT_OBJC_ISA_USAGE = YES_ERROR;
				CLANG_WARN_EMPTY_BODY = YES;
				CLANG_WARN_ENUM_CONVERSION = YES;
				CLANG_WARN_INT_CONVERSION = YES;
				CLANG_WARN_OBJC_ROOT_CLASS = YES_ERROR;
				CLANG_WARN_UNREACHABLE_CODE = YES;
				CLANG_WARN__DUPLICATE_METHOD_MATCH = YES;
				"CODE_SIGN_IDENTITY[sdk=iphoneos*]" = "iPhone Developer";
				COPY_PHASE_STRIP = NO;
				DEBUG_INFORMATION_FORMAT = dwarf;
				ENABLE_STRICT_OBJC_MSGSEND = YES;
				ENABLE_TESTABILITY = YES;
				GCC_C_LANGUAGE_STANDARD = gnu99;
				GCC_DYNAMIC_NO_PIC = NO;
				GCC_NO_COMMON_BLOCKS = YES;
				GCC_OPTIMIZATION_LEVEL = 0;
				GCC_PREPROCESSOR_DEFINITIONS = (
					"DEBUG=1",
					"$(inherited)",
				);
				GCC_WARN_64_TO_32_BIT_CONVERSION = YES;
				GCC_WARN_ABOUT_RETURN_TYPE = YES_ERROR;
				GCC_WARN_UNDECLARED_SELECTOR = YES;
				GCC_WARN_UNINITIALIZED_AUTOS = YES_AGGRESSIVE;
				GCC_WARN_UNUSED_FUNCTION = YES;
				GCC_WARN_UNUSED_VARIABLE = YES;
				IPHONEOS_DEPLOYMENT_TARGET = 9.1;
				MTL_ENABLE_DEBUG_INFO = YES;
				ONLY_ACTIVE_ARCH = YES;
				SDKROOT = iphoneos;
				SWIFT_OPTIMIZATION_LEVEL = "-Onone";
				TARGETED_DEVICE_FAMILY = "1,2";
			};
			name = Debug;
		};
		A36D7B6C1BEBA8AD008A8EE8 /* Release */ = {
			isa = XCBuildConfiguration;
			buildSettings = {
				ALWAYS_SEARCH_USER_PATHS = NO;
				CLANG_CXX_LANGUAGE_STANDARD = "gnu++0x";
				CLANG_CXX_LIBRARY = "libc++";
				CLANG_ENABLE_MODULES = YES;
				CLANG_ENABLE_OBJC_ARC = YES;
				CLANG_WARN_BOOL_CONVERSION = YES;
				CLANG_WARN_CONSTANT_CONVERSION = YES;
				CLANG_WARN_DIRECT_OBJC_ISA_USAGE = YES_ERROR;
				CLANG_WARN_EMPTY_BODY = YES;
				CLANG_WARN_ENUM_CONVERSION = YES;
				CLANG_WARN_INT_CONVERSION = YES;
				CLANG_WARN_OBJC_ROOT_CLASS = YES_ERROR;
				CLANG_WARN_UNREACHABLE_CODE = YES;
				CLANG_WARN__DUPLICATE_METHOD_MATCH = YES;
				"CODE_SIGN_IDENTITY[sdk=iphoneos*]" = "iPhone Developer";
				COPY_PHASE_STRIP = NO;
				DEBUG_INFORMATION_FORMAT = "dwarf-with-dsym";
				ENABLE_NS_ASSERTIONS = NO;
				ENABLE_STRICT_OBJC_MSGSEND = YES;
				GCC_C_LANGUAGE_STANDARD = gnu99;
				GCC_NO_COMMON_BLOCKS = YES;
				GCC_WARN_64_TO_32_BIT_CONVERSION = YES;
				GCC_WARN_ABOUT_RETURN_TYPE = YES_ERROR;
				GCC_WARN_UNDECLARED_SELECTOR = YES;
				GCC_WARN_UNINITIALIZED_AUTOS = YES_AGGRESSIVE;
				GCC_WARN_UNUSED_FUNCTION = YES;
				GCC_WARN_UNUSED_VARIABLE = YES;
				IPHONEOS_DEPLOYMENT_TARGET = 9.1;
				MTL_ENABLE_DEBUG_INFO = NO;
				SDKROOT = iphoneos;
				TARGETED_DEVICE_FAMILY = "1,2";
				VALIDATE_PRODUCT = YES;
			};
			name = Release;
		};
		A36D7B6E1BEBA8AD008A8EE8 /* Debug */ = {
			isa = XCBuildConfiguration;
			buildSettings = {
				ASSETCATALOG_COMPILER_APPICON_NAME = AppIcon;
				INFOPLIST_FILE = designingInterfaces/Info.plist;
				LD_RUNPATH_SEARCH_PATHS = "$(inherited) @executable_path/Frameworks";
				PRODUCT_BUNDLE_IDENTIFIER = DormRoom.designingInterfaces;
				PRODUCT_NAME = "$(TARGET_NAME)";
			};
			name = Debug;
		};
		A36D7B6F1BEBA8AD008A8EE8 /* Release */ = {
			isa = XCBuildConfiguration;
			buildSettings = {
				ASSETCATALOG_COMPILER_APPICON_NAME = AppIcon;
				INFOPLIST_FILE = designingInterfaces/Info.plist;
				LD_RUNPATH_SEARCH_PATHS = "$(inherited) @executable_path/Frameworks";
				PRODUCT_BUNDLE_IDENTIFIER = DormRoom.designingInterfaces;
				PRODUCT_NAME = "$(TARGET_NAME)";
			};
			name = Release;
		};
		A36D7B711BEBA8AD008A8EE8 /* Debug */ = {
			isa = XCBuildConfiguration;
			buildSettings = {
				BUNDLE_LOADER = "$(TEST_HOST)";
				INFOPLIST_FILE = designingInterfacesTests/Info.plist;
				LD_RUNPATH_SEARCH_PATHS = "$(inherited) @executable_path/Frameworks @loader_path/Frameworks";
				PRODUCT_BUNDLE_IDENTIFIER = DormRoom.designingInterfacesTests;
				PRODUCT_NAME = "$(TARGET_NAME)";
				TEST_HOST = "$(BUILT_PRODUCTS_DIR)/designingInterfaces.app/designingInterfaces";
			};
			name = Debug;
		};
		A36D7B721BEBA8AD008A8EE8 /* Release */ = {
			isa = XCBuildConfiguration;
			buildSettings = {
				BUNDLE_LOADER = "$(TEST_HOST)";
				INFOPLIST_FILE = designingInterfacesTests/Info.plist;
				LD_RUNPATH_SEARCH_PATHS = "$(inherited) @executable_path/Frameworks @loader_path/Frameworks";
				PRODUCT_BUNDLE_IDENTIFIER = DormRoom.designingInterfacesTests;
				PRODUCT_NAME = "$(TARGET_NAME)";
				TEST_HOST = "$(BUILT_PRODUCTS_DIR)/designingInterfaces.app/designingInterfaces";
			};
			name = Release;
		};
		A36D7B741BEBA8AD008A8EE8 /* Debug */ = {
			isa = XCBuildConfiguration;
			buildSettings = {
				INFOPLIST_FILE = designingInterfacesUITests/Info.plist;
				LD_RUNPATH_SEARCH_PATHS = "$(inherited) @executable_path/Frameworks @loader_path/Frameworks";
				PRODUCT_BUNDLE_IDENTIFIER = DormRoom.designingInterfacesUITests;
				PRODUCT_NAME = "$(TARGET_NAME)";
				TEST_TARGET_NAME = designingInterfaces;
				USES_XCTRUNNER = YES;
			};
			name = Debug;
		};
		A36D7B751BEBA8AD008A8EE8 /* Release */ = {
			isa = XCBuildConfiguration;
			buildSettings = {
				INFOPLIST_FILE = designingInterfacesUITests/Info.plist;
				LD_RUNPATH_SEARCH_PATHS = "$(inherited) @executable_path/Frameworks @loader_path/Frameworks";
				PRODUCT_BUNDLE_IDENTIFIER = DormRoom.designingInterfacesUITests;
				PRODUCT_NAME = "$(TARGET_NAME)";
				TEST_TARGET_NAME = designingInterfaces;
				USES_XCTRUNNER = YES;
			};
			name = Release;
		};
/* End XCBuildConfiguration section */

/* Begin XCConfigurationList section */
		A36D7B401BEBA8AD008A8EE8 /* Build configuration list for PBXProject "designingInterfaces" */ = {
			isa = XCConfigurationList;
			buildConfigurations = (
				A36D7B6B1BEBA8AD008A8EE8 /* Debug */,
				A36D7B6C1BEBA8AD008A8EE8 /* Release */,
			);
			defaultConfigurationIsVisible = 0;
			defaultConfigurationName = Release;
		};
		A36D7B6D1BEBA8AD008A8EE8 /* Build configuration list for PBXNativeTarget "designingInterfaces" */ = {
			isa = XCConfigurationList;
			buildConfigurations = (
				A36D7B6E1BEBA8AD008A8EE8 /* Debug */,
				A36D7B6F1BEBA8AD008A8EE8 /* Release */,
			);
			defaultConfigurationIsVisible = 0;
		};
		A36D7B701BEBA8AD008A8EE8 /* Build configuration list for PBXNativeTarget "designingInterfacesTests" */ = {
			isa = XCConfigurationList;
			buildConfigurations = (
				A36D7B711BEBA8AD008A8EE8 /* Debug */,
				A36D7B721BEBA8AD008A8EE8 /* Release */,
			);
			defaultConfigurationIsVisible = 0;
		};
		A36D7B731BEBA8AD008A8EE8 /* Build configuration list for PBXNativeTarget "designingInterfacesUITests" */ = {
			isa = XCConfigurationList;
			buildConfigurations = (
				A36D7B741BEBA8AD008A8EE8 /* Debug */,
				A36D7B751BEBA8AD008A8EE8 /* Release */,
			);
			defaultConfigurationIsVisible = 0;
		};
/* End XCConfigurationList section */
	};
	rootObject = A36D7B3D1BEBA8AD008A8EE8 /* Project object */;
}
